<Solution>
  <Folder Name="/src/">
    <Project Path="src/LibTmux.Generators/LibTmux.Generators.csproj" />
    <Project Path="src/LibTmux.Query.Json/LibTmux.Query.Json.csproj" />
    <Project Path="src/LibTmux/LibTmux.csproj" />
    <Project Path="src/LibTmux.Workspace/LibTmux.Workspace.csproj" />
    <Project Path="src/LibTmux.Mcp/LibTmux.Mcp.csproj" />
  </Folder>
  <Folder Name="/examples/">
    <Project Path="examples/LibTmux.Examples/LibTmux.Examples.csproj" />
    <Project Path="benchmarks/LibTmux.Benchmarks/LibTmux.Benchmarks.csproj" />
  </Folder>
  <Folder Name="/tests/">
    <Project Path="tests/LibTmux.ExampleTests/LibTmux.ExampleTests.csproj" />
    <Project Path="tests/LibTmux.IntegrationTests/LibTmux.IntegrationTests.csproj" />
    <Project Path="tests/LibTmux.TestChild/LibTmux.TestChild.csproj" />
    <Project Path="tests/LibTmux.UnitTests/LibTmux.UnitTests.csproj" />
  </Folder>
</Solution>
