{
  "version": 2,
  "dependencies": {
    "net8.0": {
      "FSharp.Core": {
        "type": "Direct",
        "requested": "[10.1.303, )",
        "resolved": "10.1.303",
        "contentHash": "juOEjKuOCZKBFbFO8TwWRQu5cY91m2BpDkrUcv1r8pfhc1yyt64H6jTYqoRWxZoRD31XB5dxyUg9j4brs7RZCg=="
      },
      "System.Diagnostics.DiagnosticSource": {
        "type": "Transitive",
        "resolved": "10.0.12",
        "contentHash": "CRZTWYO0rzEcJN/6SuN1kMvQOJT7vyHZ64CCkQs0RRWTj7kH2KMkaMalbsbSI/eg5dS5JAQfQFFuuWgn+XRMsQ=="
      },
      "libtmux": {
        "type": "Project",
        "dependencies": {
          "Microsoft.Extensions.Logging.Abstractions": "[10.0.12, )"
        }
      },
      "libtmux.fsharp": {
        "type": "Project",
        "dependencies": {
          "FSharp.Core": "[8.0.100, )",
          "LibTmux": "[0.0.0-alpha.20, )"
        }
      },
      "libtmux.query.json": {
        "type": "Project",
        "dependencies": {
          "LibTmux": "[0.0.0-alpha.20, )"
        }
      },
      "libtmux.testing": {
        "type": "Project",
        "dependencies": {
          "LibTmux": "[0.0.0-alpha.20, )"
        }
      },
      "libtmux.workspace": {
        "type": "Project",
        "dependencies": {
          "LibTmux": "[0.0.0-alpha.20, )",
          "YamlDotNet": "[18.1.0, )"
        }
      },
      "Microsoft.Extensions.DependencyInjection.Abstractions": {
        "type": "CentralTransitive",
        "requested": "[8.0.0, )",
        "resolved": "10.0.12",
        "contentHash": "9/qymSh7hVDMGTGwrLz8MRp5zRyXy9adGDOs4HwRdnLil3oZGYuWeZjbmHgCQ9BL1qBroVfgUK3U/nb61617Cw=="
      },
      "Microsoft.Extensions.Logging.Abstractions": {
        "type": "CentralTransitive",
        "requested": "[10.0.12, )",
        "resolved": "10.0.12",
        "contentHash": "+24lC4plfbEDNfLAdTV/SWKS7dW+16X4HdydO3R++134kSNTzcbYA4KpR1Hdh6uWisB8Za3AzwyOn+K+NxWIug==",
        "dependencies": {
          "Microsoft.Extensions.DependencyInjection.Abstractions": "10.0.12",
          "System.Diagnostics.DiagnosticSource": "10.0.12"
        }
      },
      "YamlDotNet": {
        "type": "CentralTransitive",
        "requested": "[18.1.0, )",
        "resolved": "18.1.0",
        "contentHash": "5K+9KFg2TdTl7VXv88Qzi/0lqK6JFoNP3lRuImPYGRV7K/QYklDyTrj4+A+KAki1JsQi6qKY+hDyY7d6WRqjrw=="
      }
    }
  }
}